
Microsoft Visual Studio Solution File, Format Version 12.00
# Visual Studio 14
VisualStudioVersion = 14.0.25420.1
MinimumVisualStudioVersion = 10.0.40219.1
Project("{FAE04EC0-301F-11D3-BF4B-00C04F79EFBC}") = "Presenter.Presentation", "Presenter.Presentation\Presenter.Presentation.csproj", "{B578E198-AF52-4899-82DB-03F1353804DC}"
EndProject
Project("{FAE04EC0-301F-11D3-BF4B-00C04F79EFBC}") = "Presenter.ControlPanel", "Presenter.ControlPanel\Presenter.ControlPanel.csproj", "{6C278EF7-51BE-4742-9295-F05780E3C96F}"
EndProject
Global
	GlobalSection(SolutionConfigurationPlatforms) = preSolution
		Debug|Any CPU = Debug|Any CPU
		Release|Any CPU = Release|Any CPU
	EndGlobalSection
	GlobalSection(ProjectConfigurationPlatforms) = postSolution
		{B578E198-AF52-4899-82DB-03F1353804DC}.Debug|Any CPU.ActiveCfg = Debug|Any CPU
		{B578E198-AF52-4899-82DB-03F1353804DC}.Debug|Any CPU.Build.0 = Debug|Any CPU
		{B578E198-AF52-4899-82DB-03F1353804DC}.Release|Any CPU.ActiveCfg = Release|Any CPU
		{B578E198-AF52-4899-82DB-03F1353804DC}.Release|Any CPU.Build.0 = Release|Any CPU
		{6C278EF7-51BE-4742-9295-F05780E3C96F}.Debug|Any CPU.ActiveCfg = Debug|Any CPU
		{6C278EF7-51BE-4742-9295-F05780E3C96F}.Debug|Any CPU.Build.0 = Debug|Any CPU
		{6C278EF7-51BE-4742-9295-F05780E3C96F}.Release|Any CPU.ActiveCfg = Release|Any CPU
		{6C278EF7-51BE-4742-9295-F05780E3C96F}.Release|Any CPU.Build.0 = Release|Any CPU
	EndGlobalSection
	GlobalSection(SolutionProperties) = preSolution
		HideSolutionNode = FALSE
	EndGlobalSection
EndGlobal
